
Microsoft Visual Studio Solution File, Format Version 12.00
# Visual Studio Version 17
VisualStudioVersion = 17.4.33205.214
MinimumVisualStudioVersion = 10.0.40219.1
Project("{9A19103F-16F7-4668-BE54-9A1E7A4F7556}") = "CoreDemo", "CoreDemo\CoreDemo.csproj", "{6F24BBC6-75C0-44CE-8CF0-C1D4C7469492}"
EndProject
Project("{FAE04EC0-301F-11D3-BF4B-00C04F79EFBC}") = "EntityLayer", "EntityLayer\EntityLayer.csproj", "{81D06E62-39F2-4088-BE28-76804A201584}"
EndProject
Project("{FAE04EC0-301F-11D3-BF4B-00C04F79EFBC}") = "DataAccessLayer", "DataAccessLayer\DataAccessLayer.csproj", "{1C095A20-3A87-45B7-BD0A-3CE19D92E425}"
EndProject
Project("{FAE04EC0-301F-11D3-BF4B-00C04F79EFBC}") = "BusinessLayer", "BusinessLayer\BusinessLayer.csproj", "{47C1928C-22EF-423E-83DE-6D1671F9B4B7}"
EndProject
Project("{FAE04EC0-301F-11D3-BF4B-00C04F79EFBC}") = "CoreLayer", "CoreLayer\CoreLayer.csproj", "{0A85D14C-7B75-4BE3-AFBD-07B8F88FB558}"
EndProject
Global
	GlobalSection(SolutionConfigurationPlatforms) = preSolution
		Debug|Any CPU = Debug|Any CPU
		Release|Any CPU = Release|Any CPU
	EndGlobalSection
	GlobalSection(ProjectConfigurationPlatforms) = postSolution
		{6F24BBC6-75C0-44CE-8CF0-C1D4C7469492}.Debug|Any CPU.ActiveCfg = Debug|Any CPU
		{6F24BBC6-75C0-44CE-8CF0-C1D4C7469492}.Debug|Any CPU.Build.0 = Debug|Any CPU
		{6F24BBC6-75C0-44CE-8CF0-C1D4C7469492}.Release|Any CPU.ActiveCfg = Release|Any CPU
		{6F24BBC6-75C0-44CE-8CF0-C1D4C7469492}.Release|Any CPU.Build.0 = Release|Any CPU
		{81D06E62-39F2-4088-BE28-76804A201584}.Debug|Any CPU.ActiveCfg = Debug|Any CPU
		{81D06E62-39F2-4088-BE28-76804A201584}.Debug|Any CPU.Build.0 = Debug|Any CPU
		{81D06E62-39F2-4088-BE28-76804A201584}.Release|Any CPU.ActiveCfg = Release|Any CPU
		{81D06E62-39F2-4088-BE28-76804A201584}.Release|Any CPU.Build.0 = Release|Any CPU
		{1C095A20-3A87-45B7-BD0A-3CE19D92E425}.Debug|Any CPU.ActiveCfg = Debug|Any CPU
		{1C095A20-3A87-45B7-BD0A-3CE19D92E425}.Debug|Any CPU.Build.0 = Debug|Any CPU
		{1C095A20-3A87-45B7-BD0A-3CE19D92E425}.Release|Any CPU.ActiveCfg = Release|Any CPU
		{1C095A20-3A87-45B7-BD0A-3CE19D92E425}.Release|Any CPU.Build.0 = Release|Any CPU
		{47C1928C-22EF-423E-83DE-6D1671F9B4B7}.Debug|Any CPU.ActiveCfg = Debug|Any CPU
		{47C1928C-22EF-423E-83DE-6D1671F9B4B7}.Debug|Any CPU.Build.0 = Debug|Any CPU
		{47C1928C-22EF-423E-83DE-6D1671F9B4B7}.Release|Any CPU.ActiveCfg = Release|Any CPU
		{47C1928C-22EF-423E-83DE-6D1671F9B4B7}.Release|Any CPU.Build.0 = Release|Any CPU
		{0A85D14C-7B75-4BE3-AFBD-07B8F88FB558}.Debug|Any CPU.ActiveCfg = Debug|Any CPU
		{0A85D14C-7B75-4BE3-AFBD-07B8F88FB558}.Debug|Any CPU.Build.0 = Debug|Any CPU
		{0A85D14C-7B75-4BE3-AFBD-07B8F88FB558}.Release|Any CPU.ActiveCfg = Release|Any CPU
		{0A85D14C-7B75-4BE3-AFBD-07B8F88FB558}.Release|Any CPU.Build.0 = Release|Any CPU
	EndGlobalSection
	GlobalSection(SolutionProperties) = preSolution
		HideSolutionNode = FALSE
	EndGlobalSection
	GlobalSection(ExtensibilityGlobals) = postSolution
		SolutionGuid = {E663FCEF-5882-402F-BA40-BBA25E18CDFE}
	EndGlobalSection
EndGlobal
